// !$*UTF8*$!
{
	archiveVersion = 1;
	classes = {
	};
	objectVersion = 46;
	objects = {

/* Begin PBXFileReference section */
		4C85D29214E9D89C00E340F2 /* Changelog.txt */ = {isa = PBXFileReference; lastKnownFileType = text; path = Changelog.txt; sourceTree = "<group>"; };
		4C85D29314E9D89C00E340F2 /* codelength.h */ = {isa = PBXFileReference; lastKnownFileType = sourcecode.c.h; path = codelength.h; sourceTree = "<group>"; };
		4C85D29414E9D89C00E340F2 /* config.h */ = {isa = PBXFileReference; lastKnownFileType = sourcecode.c.h; path = config.h; sourceTree = "<group>"; };
		4C85D29514E9D89C00E340F2 /* daemonize.c */ = {isa = PBXFileReference; lastKnownFileType = sourcecode.c.c; path = daemonize.c; sourceTree = "<group>"; };
		4C85D29614E9D89C00E340F2 /* daemonize.h */ = {isa = PBXFileReference; lastKnownFileType = sourcecode.c.h; path = daemonize.h; sourceTree = "<group>"; };
		4C85D29714E9D89C00E340F2 /* ifacewatch.c */ = {isa = PBXFileReference; lastKnownFileType = sourcecode.c.c; path = ifacewatch.c; sourceTree = "<group>"; };
		4C85D29814E9D89C00E340F2 /* ifacewatch.h */ = {isa = PBXFileReference; lastKnownFileType = sourcecode.c.h; path = ifacewatch.h; sourceTree = "<group>"; };
		4C85D29914E9D89C00E340F2 /* LICENSE */ = {isa = PBXFileReference; lastKnownFileType = text; path = LICENSE; sourceTree = "<group>"; };
		4C85D29A14E9D89C00E340F2 /* listifaces.c */ = {isa = PBXFileReference; lastKnownFileType = sourcecode.c.c; path = listifaces.c; sourceTree = "<group>"; };
		4C85D29B14E9D89C00E340F2 /* Makefile */ = {isa = PBXFileReference; lastKnownFileType = sourcecode.make; path = Makefile; sourceTree = "<group>"; };
		4C85D29C14E9D89C00E340F2 /* minissdpd.1 */ = {isa = PBXFileReference; lastKnownFileType = text.man; path = minissdpd.1; sourceTree = "<group>"; };
		4C85D29D14E9D89C00E340F2 /* minissdpd.c */ = {isa = PBXFileReference; lastKnownFileType = sourcecode.c.c; path = minissdpd.c; sourceTree = "<group>"; };
		4C85D29E14E9D89C00E340F2 /* minissdpd.init.d.script */ = {isa = PBXFileReference; lastKnownFileType = text.script.sh; path = minissdpd.init.d.script; sourceTree = "<group>"; };
		4C85D29F14E9D89C00E340F2 /* openssdpsocket.c */ = {isa = PBXFileReference; lastKnownFileType = sourcecode.c.c; path = openssdpsocket.c; sourceTree = "<group>"; };
		4C85D2A014E9D89C00E340F2 /* openssdpsocket.h */ = {isa = PBXFileReference; lastKnownFileType = sourcecode.c.h; path = openssdpsocket.h; sourceTree = "<group>"; };
		4C85D2A114E9D89C00E340F2 /* README */ = {isa = PBXFileReference; lastKnownFileType = text; path = README; sourceTree = "<group>"; };
		4C85D2A214E9D89C00E340F2 /* testcodelength.c */ = {isa = PBXFileReference; lastKnownFileType = sourcecode.c.c; path = testcodelength.c; sourceTree = "<group>"; };
		4C85D2A314E9D89C00E340F2 /* testminissdpd.c */ = {isa = PBXFileReference; lastKnownFileType = sourcecode.c.c; path = testminissdpd.c; sourceTree = "<group>"; };
		4C85D2A414E9D89C00E340F2 /* upnputils.c */ = {isa = PBXFileReference; lastKnownFileType = sourcecode.c.c; path = upnputils.c; sourceTree = "<group>"; };
		4C85D2A514E9D89C00E340F2 /* upnputils.h */ = {isa = PBXFileReference; lastKnownFileType = sourcecode.c.h; path = upnputils.h; sourceTree = "<group>"; };
		4C85D2A614E9D89C00E340F2 /* VERSION */ = {isa = PBXFileReference; lastKnownFileType = text; path = VERSION; sourceTree = "<group>"; };
/* End PBXFileReference section */

/* Begin PBXGroup section */
		4C85D28A14E9D89C00E340F2 = {
			isa = PBXGroup;
			children = (
				4C85D29214E9D89C00E340F2 /* Changelog.txt */,
				4C85D29314E9D89C00E340F2 /* codelength.h */,
				4C85D29414E9D89C00E340F2 /* config.h */,
				4C85D29514E9D89C00E340F2 /* daemonize.c */,
				4C85D29614E9D89C00E340F2 /* daemonize.h */,
				4C85D29714E9D89C00E340F2 /* ifacewatch.c */,
				4C85D29814E9D89C00E340F2 /* ifacewatch.h */,
				4C85D29914E9D89C00E340F2 /* LICENSE */,
				4C85D29A14E9D89C00E340F2 /* listifaces.c */,
				4C85D29B14E9D89C00E340F2 /* Makefile */,
				4C85D29C14E9D89C00E340F2 /* minissdpd.1 */,
				4C85D29D14E9D89C00E340F2 /* minissdpd.c */,
				4C85D29E14E9D89C00E340F2 /* minissdpd.init.d.script */,
				4C85D29F14E9D89C00E340F2 /* openssdpsocket.c */,
				4C85D2A014E9D89C00E340F2 /* openssdpsocket.h */,
				4C85D2A114E9D89C00E340F2 /* README */,
				4C85D2A214E9D89C00E340F2 /* testcodelength.c */,
				4C85D2A314E9D89C00E340F2 /* testminissdpd.c */,
				4C85D2A414E9D89C00E340F2 /* upnputils.c */,
				4C85D2A514E9D89C00E340F2 /* upnputils.h */,
				4C85D2A614E9D89C00E340F2 /* VERSION */,
			);
			sourceTree = "<group>";
		};
/* End PBXGroup section */

/* Begin PBXLegacyTarget section */
		4C85D29114E9D89C00E340F2 /* minissdpd */ = {
			isa = PBXLegacyTarget;
			buildArgumentsString = "$(ACTION)";
			buildConfigurationList = 4C85D2A714E9D89C00E340F2 /* Build configuration list for PBXLegacyTarget "minissdpd" */;
			buildPhases = (
			);
			buildToolPath = /usr/bin/make;
			buildWorkingDirectory = /Users/jorgschwieder/Daten/Business/Dev/iPhone/Source/ickStream/ickStreamProto/ickStreamProto/ickStreamProto/C/Library/minissdpd;
			dependencies = (
			);
			name = minissdpd;
			passBuildSettingsInEnvironment = 1;
			productName = minissdpd;
		};
/* End PBXLegacyTarget section */

/* Begin PBXProject section */
		4C85D28C14E9D89C00E340F2 /* Project object */ = {
			isa = PBXProject;
			buildConfigurationList = 4C85D28F14E9D89C00E340F2 /* Build configuration list for PBXProject "minissdpd" */;
			compatibilityVersion = "Xcode 3.2";
			developmentRegion = English;
			hasScannedForEncodings = 0;
			knownRegions = (
				en,
			);
			mainGroup = 4C85D28A14E9D89C00E340F2;
			projectDirPath = "";
			projectRoot = "";
			targets = (
				4C85D29114E9D89C00E340F2 /* minissdpd */,
			);
		};
/* End PBXProject section */

/* Begin XCBuildConfiguration section */
		4C85D28D14E9D89C00E340F2 /* Debug */ = {
			isa = XCBuildConfiguration;
			buildSettings = {
				ARCHS = "$(ARCHS_STANDARD_32_BIT)";
				COPY_PHASE_STRIP = NO;
				GCC_WARN_ABOUT_RETURN_TYPE = YES;
				GCC_WARN_UNUSED_VARIABLE = YES;
				ONLY_ACTIVE_ARCH = YES;
				SDKROOT = macosx10.6;
			};
			name = Debug;
		};
		4C85D28E14E9D89C00E340F2 /* Release */ = {
			isa = XCBuildConfiguration;
			buildSettings = {
				ARCHS = "$(ARCHS_STANDARD_32_BIT)";
				COPY_PHASE_STRIP = YES;
				GCC_WARN_ABOUT_RETURN_TYPE = YES;
				GCC_WARN_UNUSED_VARIABLE = YES;
				SDKROOT = macosx10.6;
			};
			name = Release;
		};
		4C85D2A814E9D89C00E340F2 /* Debug */ = {
			isa = XCBuildConfiguration;
			buildSettings = {
				COPY_PHASE_STRIP = NO;
				DEBUGGING_SYMBOLS = YES;
				GCC_DYNAMIC_NO_PIC = NO;
				GCC_ENABLE_FIX_AND_CONTINUE = YES;
				GCC_GENERATE_DEBUGGING_SYMBOLS = YES;
				GCC_OPTIMIZATION_LEVEL = 0;
				OTHER_CFLAGS = "";
				OTHER_LDFLAGS = "";
				PRODUCT_NAME = minissdpd;
			};
			name = Debug;
		};
		4C85D2A914E9D89C00E340F2 /* Release */ = {
			isa = XCBuildConfiguration;
			buildSettings = {
				COPY_PHASE_STRIP = YES;
				DEBUG_INFORMATION_FORMAT = "dwarf-with-dsym";
				GCC_ENABLE_FIX_AND_CONTINUE = NO;
				OTHER_CFLAGS = "";
				OTHER_LDFLAGS = "";
				PRODUCT_NAME = minissdpd;
			};
			name = Release;
		};
/* End XCBuildConfiguration section */

/* Begin XCConfigurationList section */
		4C85D28F14E9D89C00E340F2 /* Build configuration list for PBXProject "minissdpd" */ = {
			isa = XCConfigurationList;
			buildConfigurations = (
				4C85D28D14E9D89C00E340F2 /* Debug */,
				4C85D28E14E9D89C00E340F2 /* Release */,
			);
			defaultConfigurationIsVisible = 0;
			defaultConfigurationName = Release;
		};
		4C85D2A714E9D89C00E340F2 /* Build configuration list for PBXLegacyTarget "minissdpd" */ = {
			isa = XCConfigurationList;
			buildConfigurations = (
				4C85D2A814E9D89C00E340F2 /* Debug */,
				4C85D2A914E9D89C00E340F2 /* Release */,
			);
			defaultConfigurationIsVisible = 0;
			defaultConfigurationName = Release;
		};
/* End XCConfigurationList section */
	};
	rootObject = 4C85D28C14E9D89C00E340F2 /* Project object */;
}
